
Microsoft Visual Studio Solution File, Format Version 12.00
# Visual Studio Version 16
VisualStudioVersion = 16.0.30611.23
MinimumVisualStudioVersion = 10.0.40219.1
Project("{FAE04EC0-301F-11D3-BF4B-00C04F79EFBC}") = "DropShadow", "DropShadow.csproj", "{BF51772B-9603-48AE-9B5F-19AE4A796775}"
EndProject
Project("{FAE04EC0-301F-11D3-BF4B-00C04F79EFBC}") = "DropShadowTest", "Tester\DropShadowTest\DropShadowTest.csproj", "{7DEE2796-8169-4D2E-80C4-A3BF67A8BBCD}"
EndProject
Global
	GlobalSection(SolutionConfigurationPlatforms) = preSolution
		Debug|Any CPU = Debug|Any CPU
		Release|Any CPU = Release|Any CPU
	EndGlobalSection
	GlobalSection(ProjectConfigurationPlatforms) = postSolution
		{BF51772B-9603-48AE-9B5F-19AE4A796775}.Debug|Any CPU.ActiveCfg = Debug|Any CPU
		{BF51772B-9603-48AE-9B5F-19AE4A796775}.Debug|Any CPU.Build.0 = Debug|Any CPU
		{BF51772B-9603-48AE-9B5F-19AE4A796775}.Release|Any CPU.ActiveCfg = Release|Any CPU
		{BF51772B-9603-48AE-9B5F-19AE4A796775}.Release|Any CPU.Build.0 = Release|Any CPU
		{7DEE2796-8169-4D2E-80C4-A3BF67A8BBCD}.Debug|Any CPU.ActiveCfg = Debug|Any CPU
		{7DEE2796-8169-4D2E-80C4-A3BF67A8BBCD}.Debug|Any CPU.Build.0 = Debug|Any CPU
		{7DEE2796-8169-4D2E-80C4-A3BF67A8BBCD}.Release|Any CPU.ActiveCfg = Release|Any CPU
		{7DEE2796-8169-4D2E-80C4-A3BF67A8BBCD}.Release|Any CPU.Build.0 = Release|Any CPU
	EndGlobalSection
	GlobalSection(SolutionProperties) = preSolution
		HideSolutionNode = FALSE
	EndGlobalSection
	GlobalSection(ExtensibilityGlobals) = postSolution
		SolutionGuid = {5D088B99-E4AF-4E6A-ADA8-59E8F018D96A}
	EndGlobalSection
EndGlobal
